
Microsoft Visual Studio Solution File, Format Version 12.00
# Visual Studio 2012
Project("{FAE04EC0-301F-11D3-BF4B-00C04F79EFBC}") = "Hw6", "Hw6.csproj", "{ACDA75B3-2589-4FE6-B635-1EF21AC23FFC}"
EndProject
Global
	GlobalSection(SolutionConfigurationPlatforms) = preSolution
		Debug|x86 = Debug|x86
		Release|x86 = Release|x86
	EndGlobalSection
	GlobalSection(ProjectConfigurationPlatforms) = postSolution
		{ACDA75B3-2589-4FE6-B635-1EF21AC23FFC}.Debug|x86.ActiveCfg = Debug|x86
		{ACDA75B3-2589-4FE6-B635-1EF21AC23FFC}.Debug|x86.Build.0 = Debug|x86
		{ACDA75B3-2589-4FE6-B635-1EF21AC23FFC}.Release|x86.ActiveCfg = Release|x86
		{ACDA75B3-2589-4FE6-B635-1EF21AC23FFC}.Release|x86.Build.0 = Release|x86
	EndGlobalSection
EndGlobal
